
Microsoft Visual Studio Solution File, Format Version 12.00
# Visual Studio Version 17
VisualStudioVersion = 17.9.34407.89
MinimumVisualStudioVersion = 10.0.40219.1
Project("{FAE04EC0-301F-11D3-BF4B-00C04F79EFBC}") = "UnicodeDb", "UnicodeDb.csproj", "{06C6D79A-5505-4CCB-97FE-305612ECBE53}"
EndProject
Project("{2150E333-8FDC-42A3-9474-1A3956D46DE8}") = "Solution Items", "Solution Items", "{45BC9418-6614-42DD-98DA-BCAFBBB82AF7}"
EndProject
Global
	GlobalSection(SolutionConfigurationPlatforms) = preSolution
		Debug|Any CPU = Debug|Any CPU
		Release|Any CPU = Release|Any CPU
	EndGlobalSection
	GlobalSection(ProjectConfigurationPlatforms) = postSolution
		{06C6D79A-5505-4CCB-97FE-305612ECBE53}.Debug|Any CPU.ActiveCfg = Debug|Any CPU
		{06C6D79A-5505-4CCB-97FE-305612ECBE53}.Debug|Any CPU.Build.0 = Debug|Any CPU
		{06C6D79A-5505-4CCB-97FE-305612ECBE53}.Release|Any CPU.ActiveCfg = Release|Any CPU
		{06C6D79A-5505-4CCB-97FE-305612ECBE53}.Release|Any CPU.Build.0 = Release|Any CPU
	EndGlobalSection
	GlobalSection(SolutionProperties) = preSolution
		HideSolutionNode = FALSE
	EndGlobalSection
	GlobalSection(ExtensibilityGlobals) = postSolution
		SolutionGuid = {DB1B30DE-1B38-4835-B3AB-951658CECC18}
	EndGlobalSection
EndGlobal
